lockfileVersion: '9.0'

settings:
  autoInstallPeers: true
  excludeLinksFromLockfile: false

importers:

  .:
    devDependencies:
      '@mdi/font':
        specifier: ^7.4.47
        version: 7.4.47

packages:

  '@mdi/font@7.4.47':
    resolution: {integrity: sha512-43MtGpd585SNzHZPcYowu/84Vz2a2g31TvPMTm9uTiCSWzaheQySUcSyUH/46fPnuPQWof2yd0pGBtzee/IQWw==}

snapshots:

  '@mdi/font@7.4.47': {}
